
Microsoft Visual Studio Solution File, Format Version 12.00
# Visual Studio Version 17
VisualStudioVersion = 17.5.33516.290
MinimumVisualStudioVersion = 10.0.40219.1
Project("{9A19103F-16F7-4668-BE54-9A1E7A4F7556}") = "MyClassLibraryNET", "MyClassLibraryNET\MyClassLibraryNET.csproj", "{E5E7F1EF-207F-4C5D-9D98-BEC35EA384F3}"
EndProject
Project("{9A19103F-16F7-4668-BE54-9A1E7A4F7556}") = "MyXUnitTestProject", "MyXUnitTestProject\MyXUnitTestProject.csproj", "{74D7C808-DD35-46A3-B022-2273457C58BC}"
EndProject
Project("{FAE04EC0-301F-11D3-BF4B-00C04F79EFBC}") = "MyClassLibraryNetFramework", "MyClassLibraryNetFramework\MyClassLibraryNetFramework.csproj", "{757B168E-102B-43BB-9717-0417EEE3AF14}"
EndProject
Project("{9A19103F-16F7-4668-BE54-9A1E7A4F7556}") = "MyClassLibraryNetStandard2_0", "MyClassLibraryNetStandard2_0\MyClassLibraryNetStandard2_0.csproj", "{27AC6830-02D3-44C6-AFDC-CBAB5DC7587B}"
EndProject
Project("{9A19103F-16F7-4668-BE54-9A1E7A4F7556}") = "MyClassLibraryNetStandard2_1", "MyClassLibraryNetStandard2_1\MyClassLibraryNetStandard2_1.csproj", "{D7851BB6-2175-4F5B-A9F8-867C4F632F0B}"
EndProject
Project("{9A19103F-16F7-4668-BE54-9A1E7A4F7556}") = "SystemExtensions", "SystemExtensions\SystemExtensions.csproj", "{7A0F5464-054F-4DE5-AF7D-DE9036588C18}"
EndProject
Project("{9A19103F-16F7-4668-BE54-9A1E7A4F7556}") = "SystemExtensionsTests", "SystemExtensionsTests\SystemExtensionsTests.csproj", "{2EE514FA-AF94-44A6-BA83-4D7BB688C9B6}"
EndProject
Project("{9A19103F-16F7-4668-BE54-9A1E7A4F7556}") = "MyViewModels", "MyViewModels\MyViewModels.csproj", "{2CD30779-B022-4272-AD44-E3B6DDE7CE41}"
EndProject
Project("{9A19103F-16F7-4668-BE54-9A1E7A4F7556}") = "MyWPF", "MyWPF\MyWPF.csproj", "{F7968D7B-E5EB-48FB-81FC-79EE69F56764}"
EndProject
Project("{9A19103F-16F7-4668-BE54-9A1E7A4F7556}") = "MyLibraryTargetframeworks", "MyLibraryTargetframeworks\MyLibraryTargetframeworks.csproj", "{9E73C636-8C72-4CD4-9429-B2566E5BAC6C}"
EndProject
Project("{9A19103F-16F7-4668-BE54-9A1E7A4F7556}") = "MyLibraryTargetframeworksTests", "MyLibraryTargetframeworksTests\MyLibraryTargetframeworksTests.csproj", "{0F7738B0-9DA4-4288-8C2C-DF91E318DBA1}"
EndProject
Project("{9A19103F-16F7-4668-BE54-9A1E7A4F7556}") = "_build", "..\build\_build.csproj", "{B5F7E2EE-3A52-4475-9997-47CE8C1419E6}"
EndProject
Project("{2150E333-8FDC-42A3-9474-1A3956D46DE8}") = "JSON", "JSON", "{3D004A84-571B-4E34-8D5B-1EED1130EA53}"
	ProjectSection(SolutionItems) = preProject
		myArray.json = myArray.json
		myJSON.json = myJSON.json
		myObject.json = myObject.json
	EndProjectSection
EndProject
Project("{FAE04EC0-301F-11D3-BF4B-00C04F79EFBC}") = "MyBenchmarkDotNet", "MyBenchmarkDotNet\MyBenchmarkDotNet.csproj", "{1CFE534A-CA57-41AE-BFAF-AEA1F3E58D4B}"
EndProject
Global
	GlobalSection(SolutionConfigurationPlatforms) = preSolution
		Debug|Any CPU = Debug|Any CPU
		Release|Any CPU = Release|Any CPU
	EndGlobalSection
	GlobalSection(ProjectConfigurationPlatforms) = postSolution
		{E5E7F1EF-207F-4C5D-9D98-BEC35EA384F3}.Debug|Any CPU.ActiveCfg = Debug|Any CPU
		{E5E7F1EF-207F-4C5D-9D98-BEC35EA384F3}.Debug|Any CPU.Build.0 = Debug|Any CPU
		{E5E7F1EF-207F-4C5D-9D98-BEC35EA384F3}.Release|Any CPU.ActiveCfg = Release|Any CPU
		{E5E7F1EF-207F-4C5D-9D98-BEC35EA384F3}.Release|Any CPU.Build.0 = Release|Any CPU
		{74D7C808-DD35-46A3-B022-2273457C58BC}.Debug|Any CPU.ActiveCfg = Debug|Any CPU
		{74D7C808-DD35-46A3-B022-2273457C58BC}.Debug|Any CPU.Build.0 = Debug|Any CPU
		{74D7C808-DD35-46A3-B022-2273457C58BC}.Release|Any CPU.ActiveCfg = Release|Any CPU
		{74D7C808-DD35-46A3-B022-2273457C58BC}.Release|Any CPU.Build.0 = Release|Any CPU
		{757B168E-102B-43BB-9717-0417EEE3AF14}.Debug|Any CPU.ActiveCfg = Debug|Any CPU
		{757B168E-102B-43BB-9717-0417EEE3AF14}.Debug|Any CPU.Build.0 = Debug|Any CPU
		{757B168E-102B-43BB-9717-0417EEE3AF14}.Release|Any CPU.ActiveCfg = Release|Any CPU
		{757B168E-102B-43BB-9717-0417EEE3AF14}.Release|Any CPU.Build.0 = Release|Any CPU
		{27AC6830-02D3-44C6-AFDC-CBAB5DC7587B}.Debug|Any CPU.ActiveCfg = Debug|Any CPU
		{27AC6830-02D3-44C6-AFDC-CBAB5DC7587B}.Debug|Any CPU.Build.0 = Debug|Any CPU
		{27AC6830-02D3-44C6-AFDC-CBAB5DC7587B}.Release|Any CPU.ActiveCfg = Release|Any CPU
		{27AC6830-02D3-44C6-AFDC-CBAB5DC7587B}.Release|Any CPU.Build.0 = Release|Any CPU
		{D7851BB6-2175-4F5B-A9F8-867C4F632F0B}.Debug|Any CPU.ActiveCfg = Debug|Any CPU
		{D7851BB6-2175-4F5B-A9F8-867C4F632F0B}.Debug|Any CPU.Build.0 = Debug|Any CPU
		{D7851BB6-2175-4F5B-A9F8-867C4F632F0B}.Release|Any CPU.ActiveCfg = Release|Any CPU
		{D7851BB6-2175-4F5B-A9F8-867C4F632F0B}.Release|Any CPU.Build.0 = Release|Any CPU
		{7A0F5464-054F-4DE5-AF7D-DE9036588C18}.Debug|Any CPU.ActiveCfg = Debug|Any CPU
		{7A0F5464-054F-4DE5-AF7D-DE9036588C18}.Debug|Any CPU.Build.0 = Debug|Any CPU
		{7A0F5464-054F-4DE5-AF7D-DE9036588C18}.Release|Any CPU.ActiveCfg = Release|Any CPU
		{7A0F5464-054F-4DE5-AF7D-DE9036588C18}.Release|Any CPU.Build.0 = Release|Any CPU
		{2EE514FA-AF94-44A6-BA83-4D7BB688C9B6}.Debug|Any CPU.ActiveCfg = Debug|Any CPU
		{2EE514FA-AF94-44A6-BA83-4D7BB688C9B6}.Debug|Any CPU.Build.0 = Debug|Any CPU
		{2EE514FA-AF94-44A6-BA83-4D7BB688C9B6}.Release|Any CPU.ActiveCfg = Release|Any CPU
		{2EE514FA-AF94-44A6-BA83-4D7BB688C9B6}.Release|Any CPU.Build.0 = Release|Any CPU
		{2CD30779-B022-4272-AD44-E3B6DDE7CE41}.Debug|Any CPU.ActiveCfg = Debug|Any CPU
		{2CD30779-B022-4272-AD44-E3B6DDE7CE41}.Debug|Any CPU.Build.0 = Debug|Any CPU
		{2CD30779-B022-4272-AD44-E3B6DDE7CE41}.Release|Any CPU.ActiveCfg = Release|Any CPU
		{2CD30779-B022-4272-AD44-E3B6DDE7CE41}.Release|Any CPU.Build.0 = Release|Any CPU
		{F7968D7B-E5EB-48FB-81FC-79EE69F56764}.Debug|Any CPU.ActiveCfg = Debug|Any CPU
		{F7968D7B-E5EB-48FB-81FC-79EE69F56764}.Debug|Any CPU.Build.0 = Debug|Any CPU
		{F7968D7B-E5EB-48FB-81FC-79EE69F56764}.Release|Any CPU.ActiveCfg = Release|Any CPU
		{F7968D7B-E5EB-48FB-81FC-79EE69F56764}.Release|Any CPU.Build.0 = Release|Any CPU
		{9E73C636-8C72-4CD4-9429-B2566E5BAC6C}.Debug|Any CPU.ActiveCfg = Debug|Any CPU
		{9E73C636-8C72-4CD4-9429-B2566E5BAC6C}.Debug|Any CPU.Build.0 = Debug|Any CPU
		{9E73C636-8C72-4CD4-9429-B2566E5BAC6C}.Release|Any CPU.ActiveCfg = Release|Any CPU
		{9E73C636-8C72-4CD4-9429-B2566E5BAC6C}.Release|Any CPU.Build.0 = Release|Any CPU
		{0F7738B0-9DA4-4288-8C2C-DF91E318DBA1}.Debug|Any CPU.ActiveCfg = Debug|Any CPU
		{0F7738B0-9DA4-4288-8C2C-DF91E318DBA1}.Debug|Any CPU.Build.0 = Debug|Any CPU
		{0F7738B0-9DA4-4288-8C2C-DF91E318DBA1}.Release|Any CPU.ActiveCfg = Release|Any CPU
		{0F7738B0-9DA4-4288-8C2C-DF91E318DBA1}.Release|Any CPU.Build.0 = Release|Any CPU
		{B5F7E2EE-3A52-4475-9997-47CE8C1419E6}.Debug|Any CPU.ActiveCfg = Debug|Any CPU
		{B5F7E2EE-3A52-4475-9997-47CE8C1419E6}.Release|Any CPU.ActiveCfg = Release|Any CPU
		{1CFE534A-CA57-41AE-BFAF-AEA1F3E58D4B}.Debug|Any CPU.ActiveCfg = Debug|Any CPU
		{1CFE534A-CA57-41AE-BFAF-AEA1F3E58D4B}.Debug|Any CPU.Build.0 = Debug|Any CPU
		{1CFE534A-CA57-41AE-BFAF-AEA1F3E58D4B}.Release|Any CPU.ActiveCfg = Release|Any CPU
		{1CFE534A-CA57-41AE-BFAF-AEA1F3E58D4B}.Release|Any CPU.Build.0 = Release|Any CPU
	EndGlobalSection
	GlobalSection(SolutionProperties) = preSolution
		HideSolutionNode = FALSE
	EndGlobalSection
	GlobalSection(ExtensibilityGlobals) = postSolution
		SolutionGuid = {5C4C66A3-6CB5-4F77-A5D5-6F5F3B0D5989}
	EndGlobalSection
EndGlobal
